{
    "_meta": {
        "hash": {
            "sha256": "352e789ba2c5a500d626d53bdbfaae6abf016e6f56021a94bbb33a6a24bf6eef"
        },
        "pipfile-spec": 6,
        "requires": {
            "python_version": "3.8"
        },
        "sources": [
            {
                "name": "pypi",
                "url": "https://pypi.org/simple",
                "verify_ssl": true
            }
        ]
    },
    "default": {
        "aggdraw": {
            "hashes": [
                "sha256:0deb75ef8b6b1cda0b96ab446f83ac9532f9400e92c90040fd2e1a6a7410d3f7",
                "sha256:0e5c5a397448f2228390336b67126de7a1b82f7421c29cd64e52d9651dac75cd",
                "sha256:1550d6e72aa3e192db3ef4417701cec2f80c8d447e413b5107afebbaa08bf83f",
                "sha256:1d6f9e08caaa3f47880fe621415637ca6cc2338caaa26f15a5e52da4b6e4dec7",
                "sha256:1d80ac6049ecd34b948947a3f5bbd98c93cdccb7870da254520cfc0bf6354584",
                "sha256:1efbeba4b87a1bf74165ac37dbd03065e14627e07ede1c4fc4e2a3f9ac681286",
                "sha256:240ede28836fb950f3fe014466d025d2992334ce88a91c4a9428f031bd4fb72b",
                "sha256:2d756cf763a20ad09759ba04f430736e15ea17d0c0129b7263e4f4d4466f1a78",
                "sha256:3410be9df76298fe054c92647b6b2282a54215ebd923b6aa9743730d285e6f1e",
                "sha256:5a775501058c3bafc8689ac7e9e99eaca74321d59d1f59ee001f0fce1d933da9",
                "sha256:605e95b6416297a6726d4b5e1ac306a874b47089c83d18a475339cac202064a3",
                "sha256:6d1034742ba69ce957d714f959ebfde4e223c3f36883bd778ae44fc092cf2abd",
                "sha256:6efd1851fc37b7e27bce86e29945251b085062a5cab0d2f344d2e042bc33c2e6",
                "sha256:82223157cbaa4d5269c81a6e8051e5574405664389918c12557eb9a194b8b9e9",
                "sha256:9fa6ce2be867c361db8d29e4118067a9628b98d3713ce48523ee470b28585b5a",
                "sha256:a249e63790a8365fd417958d56146797a010641718d7f3a0ba2056a60e30acf3",
                "sha256:aadd87f2857c2967f32a52a4662bd513fc9ea0e13b87d396829cd7f9840bc84f",
                "sha256:aef4f1b6058ee0cdb75fb737cb76143721df9d9db5323cc6074b0f89d4f5a13a",
                "sha256:b24f35a04122a7a9e4b29efb0e262da1a697b732a7c9e96cf91cd3421d70f17b",
                "sha256:bddf650a7afd182b0aa5361e4c89388b4098b435604c52398783869cfb2d96c6",
                "sha256:ce12a479b0f67697e541c4b39ec6cc452324ee367da117a8c640f292b379c213",
                "sha256:ced5dc42f011958e2febb88de31b4b1670eb7fc32f47ceb2656d5e53e8aa683e",
                "sha256:d9803aea0c06dc74ffb3b3eb19d613efe719e7c89940bcdb617ede202b390e8e",
                "sha256:de9bf710adc51c2beea569e7a0f6f402dd231531060b424660ce3ab47c9a54c6",
                "sha256:e18f26d0d095aa75b9d5c18c7cdf7fd5351424c8f0ae8d4d26e373b76c204c51",
                "sha256:e3a370503749c113d5c22f4bec0cb4df0ac7c334541e2d2afd42763baf4ec945",
                "sha256:f0d9032979bab586b61d89ef3d57e30fa4c016a020404c4005a3fecb26ec149c",
                "sha256:f8fb711422ddd48fd24f6f7e53acfa443d2ec9d81a1c4808386477d508aee9ee"
            ],
            "index": "pypi",
            "version": "==1.3.11"
        },
        "bezier": {
            "hashes": [
                "sha256:0221ec6362e03044db803f713220266f1350f52c5c3a9509d1fabad2ed30cf2c",
                "sha256:0526631e41ac0416d4dd6be66105670bb1c1a342d4e7e82b3e9009231ac0e868",
                "sha256:0cb232e047bcf8156f6286e6fd8276303554747689f7fd2fdb4d48b8808b9485",
                "sha256:16562d0d5906e7e270c8b22e98f7509c135908da144a6b84eaa14d4b1730cd2a",
                "sha256:19101cf830f6316e2e8808816017b5661bbbea276f7099ff3a0b6712b6c95d6f",
                "sha256:211bb41549e182fecf1cb46c2e1dfabe9d5d0dbe97b5d331a99e63dc99f5c35f",
                "sha256:3472756ac857136865a5fa5f3fcf176ec0ef4c5d1343553f4aee76a0c3c1f408",
                "sha256:381e96f9e92057036498821ad7e45bacfb5d5f5e56ab9ea547dfdb0cb89ee93e",
                "sha256:49d823adb71731a8e16db988f5c15cf2e4597b0ce0d7e4285ef4758551bcbe42",
                "sha256:56a13d962c2602daaa6eac6bdbcee50d8bcd3bc4c17feb9048462dd208c688b1",
                "sha256:5dd23b15f286c541e5b0ad28607d516680ba8bba2fac470b83ed0f45262202c3",
                "sha256:63c580911f5b30aa676824626e695ec1baae1ea3391096bfbbbc124a9f0779cd",
                "sha256:789d770d54a4b949c05a1a90010aa7510fd610c292fd36bf39a3c1eae53e8545",
                "sha256:aa8fc849750d7e27958da52e1e1e26ffdf0bc76e91a93d78400b61e213e443ed",
                "sha256:b663d868cb74c0db43185d475b78bcc3e30fc87233b866e2ac1c660ecd937c61",
                "sha256:e5f9ed2c254488fbb025baa9411b7bcaaede8761f8136103458e8186b33cbab4"
            ],
            "index": "pypi",
            "version": "==2020.2.3"
        },
        "dataslots": {
            "hashes": [
                "sha256:e2fb733f9a65a48b1d6edd17dbb9a77ee959362dfaeb7d09a14cf02378a40021"
            ],
            "index": "pypi",
            "version": "==1.0.1"
        },
        "fibonacci-heap-mod": {
            "hashes": [
                "sha256:8889df116329d564cc347c7461b34c7dae0d65da3a9d23b52951d1b0a553c368"
            ],
            "index": "pypi",
            "version": "==1.1"
        },
        "numpy": {
            "hashes": [
                "sha256:1786a08236f2c92ae0e70423c45e1e62788ed33028f94ca99c4df03f5be6b3c6",
                "sha256:17aa7a81fe7599a10f2b7d95856dc5cf84a4eefa45bc96123cbbc3ebc568994e",
                "sha256:20b26aaa5b3da029942cdcce719b363dbe58696ad182aff0e5dcb1687ec946dc",
                "sha256:2d75908ab3ced4223ccba595b48e538afa5ecc37405923d1fea6906d7c3a50bc",
                "sha256:39d2c685af15d3ce682c99ce5925cc66efc824652e10990d2462dfe9b8918c6a",
                "sha256:56bc8ded6fcd9adea90f65377438f9fea8c05fcf7c5ba766bef258d0da1554aa",
                "sha256:590355aeade1a2eaba17617c19edccb7db8d78760175256e3cf94590a1a964f3",
                "sha256:70a840a26f4e61defa7bdf811d7498a284ced303dfbc35acb7be12a39b2aa121",
                "sha256:77c3bfe65d8560487052ad55c6998a04b654c2fbc36d546aef2b2e511e760971",
                "sha256:9537eecf179f566fd1c160a2e912ca0b8e02d773af0a7a1120ad4f7507cd0d26",
                "sha256:9acdf933c1fd263c513a2df3dceecea6f3ff4419d80bf238510976bf9bcb26cd",
                "sha256:ae0975f42ab1f28364dcda3dde3cf6c1ddab3e1d4b2909da0cb0191fa9ca0480",
                "sha256:b3af02ecc999c8003e538e60c89a2b37646b39b688d4e44d7373e11c2debabec",
                "sha256:b6ff59cee96b454516e47e7721098e6ceebef435e3e21ac2d6c3b8b02628eb77",
                "sha256:b765ed3930b92812aa698a455847141869ef755a87e099fddd4ccf9d81fffb57",
                "sha256:c98c5ffd7d41611407a1103ae11c8b634ad6a43606eca3e2a5a269e5d6e8eb07",
                "sha256:cf7eb6b1025d3e169989416b1adcd676624c2dbed9e3bcb7137f51bfc8cc2572",
                "sha256:d92350c22b150c1cae7ebb0ee8b5670cc84848f6359cf6b5d8f86617098a9b73",
                "sha256:e422c3152921cece8b6a2fb6b0b4d73b6579bd20ae075e7d15143e711f3ca2ca",
                "sha256:e840f552a509e3380b0f0ec977e8124d0dc34dc0e68289ca28f4d7c1d0d79474",
                "sha256:f3d0a94ad151870978fb93538e95411c83899c9dc63e6fb65542f769568ecfa5"
            ],
            "version": "==1.18.1"
        },
        "panda3d": {
            "hashes": [
                "sha256:0746487568a07a7e9f9f526918780a17f3f327cd5d711de061f6d71ad5d692dd",
                "sha256:07717fcc17ca33582a0349ceb895aeb92fe639dd8a6d28d2b6bf85beeb8ca617",
                "sha256:0ccfb42b22b3440a745d2cc694b13397f0965447bd43e48cad2de5995aa2fb1d",
                "sha256:0dd2d46a6fa4a0aa5bf35ee7c0b58cca8673590eb84fc8502b3fed20fc694c4d",
                "sha256:159230d0e6020d6a040ddd23d9d768d38b46e9a977eae6743eee1b3f18c69114",
                "sha256:360345ab35272716c74d5a8d3e4203c378fe6e6e356c101db7804b02c91d83e5",
                "sha256:53f782b99a60598570e88eff9f08709c5f2e4cbc942f424b2b9d199a2cfb76b5",
                "sha256:54b99beb5f01fc5cd4087b84856a328dc7872039fce6992f8faeb296fbe92e71",
                "sha256:55ba2dbebbbced69c2aaaa63854bf9c78f70e5718cb2474d8951f2db3d8b7a5b",
                "sha256:56c4ba4f73bbdc6a6f2d3aaa1b36615cf014167dd0387ff8db3f394089ea9d99",
                "sha256:65cdc7e9d5080f94e57631b6db7695f3cfac6733389536ebf8308704756a2399",
                "sha256:7730779667c928a99709375f61c0578df892e5642cf926caa64fdf49b166c44d",
                "sha256:7a3e8d7630c32b1b8a115cd1d05200ba7ef219bca350a8609baf867442ea9d39",
                "sha256:7bb16026783474008d23bca75e0bb089e0093fde4f69539eec263e0316071b60",
                "sha256:7d672bb0d46af8a9c1c809f216b19cedbd37006c707e81f7b7bfe4a19d3c7649",
                "sha256:7d9c55dda7f44ec37b4f7f51932b566720406ab7c6af5210d45fa5fc51998d34",
                "sha256:8631ec6b158e8d347a8f94164cbe98ecdca903b29fbbff29e885bf1206ed1c23",
                "sha256:8663260fc92f3cc8d87ef75be228b0c6cd2dd061abd6b1f8b925fa2d863a73a0",
                "sha256:9244f5ba066394579d05fa4e57526694f75b5fc6a8c81b9390aa1fb597caf8cd",
                "sha256:953cfb53b7f8a11c73f58077456dc7fddb66725e9c8656eb572dcf0334a5d11a",
                "sha256:aee19dae503129b144193d6e5343c3c90e1f11e8dfc582bde57b24eccf21077d",
                "sha256:aef5e2b23fb9413bd87d3443b63dafca85fccdf24ae4fe519c9e8b2099e2133e",
                "sha256:bc7238085315287a21c247ccd80bd6d57bd7fadf68029b5e9539a42dfc4b669b",
                "sha256:bf5212b431ebcf960c77022639294b390392685a6f06c6c9cc904795fc31fa72",
                "sha256:c0e4159f4d0d6ed56c9bb78ce99a89c7cb6ed57e232c0ec71b6a419db8a0d8e8",
                "sha256:c1f5cc9e0d4ddb35c7ba6de45b4d071b7d7fa1dec1b1a5eebd40a26fb7f9c21b",
                "sha256:cf386c8bf2cc1dbb87a8fcde2e14ba4374934aa13edcd966c3aa6c64facb8884",
                "sha256:d08e76fa52c07614a377bbe55a17c1acc615a9b92b7e726731743768d8fdb79b",
                "sha256:d1e2ffa87fc91780e2638ff379bc5355c6b49db168d408e76def84597c092791",
                "sha256:da0b92168221bccf0ff9892eb453bb0e874ca9db8a41693a2c154f473d9f6112",
                "sha256:e1a7fd83a0aacf9077ad5bb7d32c64f7d2e781339f8ca653b15524a4e0900adc",
                "sha256:e48f4d1115968f17dd73fde521684cc21eb41ae08655c7d36b7dea3e15868f8b",
                "sha256:e63654115b55f5000023a12ced17e8e6f25d91521db415c9343cc9ad8878c320",
                "sha256:ee1e6b5e84a78d1dfeb7e28b73e8f8e36de08afbe99f6fb069c55bbdcdac640e",
                "sha256:ef25825630b70d03c74e8b149273ec722c5e71259ea2701f6b9c393b796e333e",
                "sha256:f7bb92ba22c330f5dfa6374079c0b744415b8d53ece58bedef1b91e42f8f1aca",
                "sha256:fcfc53947d65c3ca3604750716774185875c5a4b0f420e1e398ad9f554ea1595"
            ],
            "index": "pypi",
            "version": "==1.10.5"
        },
        "pillow": {
            "hashes": [
                "sha256:0a628977ac2e01ca96aaae247ec2bd38e729631ddf2221b4b715446fd45505be",
                "sha256:4d9ed9a64095e031435af120d3c910148067087541131e82b3e8db302f4c8946",
                "sha256:54ebae163e8412aff0b9df1e88adab65788f5f5b58e625dc5c7f51eaf14a6837",
                "sha256:5bfef0b1cdde9f33881c913af14e43db69815c7e8df429ceda4c70a5e529210f",
                "sha256:5f3546ceb08089cedb9e8ff7e3f6a7042bb5b37c2a95d392fb027c3e53a2da00",
                "sha256:5f7ae9126d16194f114435ebb79cc536b5682002a4fa57fa7bb2cbcde65f2f4d",
                "sha256:62a889aeb0a79e50ecf5af272e9e3c164148f4bd9636cc6bcfa182a52c8b0533",
                "sha256:7406f5a9b2fd966e79e6abdaf700585a4522e98d6559ce37fc52e5c955fade0a",
                "sha256:8453f914f4e5a3d828281a6628cf517832abfa13ff50679a4848926dac7c0358",
                "sha256:87269cc6ce1e3dee11f23fa515e4249ae678dbbe2704598a51cee76c52e19cda",
                "sha256:875358310ed7abd5320f21dd97351d62de4929b0426cdb1eaa904b64ac36b435",
                "sha256:8ac6ce7ff3892e5deaab7abaec763538ffd011f74dc1801d93d3c5fc541feee2",
                "sha256:91b710e3353aea6fc758cdb7136d9bbdcb26b53cefe43e2cba953ac3ee1d3313",
                "sha256:9d2ba4ed13af381233e2d810ff3bab84ef9f18430a9b336ab69eaf3cd24299ff",
                "sha256:a62ec5e13e227399be73303ff301f2865bf68657d15ea50b038d25fc41097317",
                "sha256:ab76e5580b0ed647a8d8d2d2daee170e8e9f8aad225ede314f684e297e3643c2",
                "sha256:bf4003aa538af3f4205c5fac56eacaa67a6dd81e454ffd9e9f055fff9f1bc614",
                "sha256:bf598d2e37cf8edb1a2f26ed3fb255191f5232badea4003c16301cb94ac5bdd0",
                "sha256:c18f70dc27cc5d236f10e7834236aff60aadc71346a5bc1f4f83a4b3abee6386",
                "sha256:c5ed816632204a2fc9486d784d8e0d0ae754347aba99c811458d69fcdfd2a2f9",
                "sha256:dc058b7833184970d1248135b8b0ab702e6daa833be14035179f2acb78ff5636",
                "sha256:ff3797f2f16bf9d17d53257612da84dd0758db33935777149b3334c01ff68865"
            ],
            "index": "pypi",
            "version": "==7.0.0"
        },
        "rtree": {
            "hashes": [
                "sha256:55c046a98e8d84235792de1f18635f680d7b4085264fbced6b073f28fcbe353a"
            ],
            "index": "pypi",
            "version": "==0.9.3"
        }
    },
    "develop": {
        "astroid": {
            "hashes": [
                "sha256:71ea07f44df9568a75d0f354c49143a4575d90645e9fead6dfb52c26a85ed13a",
                "sha256:840947ebfa8b58f318d42301cf8c0a20fd794a33b61cc4638e28e9e61ba32f42"
            ],
            "version": "==2.3.3"
        },
        "backcall": {
            "hashes": [
                "sha256:38ecd85be2c1e78f77fd91700c76e14667dc21e2713b63876c0eb901196e01e4",
                "sha256:bbbf4b1e5cd2bdb08f915895b51081c041bac22394fdfcfdfbe9f14b77c08bf2"
            ],
            "version": "==0.1.0"
        },
        "colorama": {
            "hashes": [
                "sha256:05eed71e2e327246ad6b38c540c4a3117230b19679b875190486ddd2d721422d",
                "sha256:f8ac84de7840f5b9c4e3347b3c1eaa50f7e49c2b07596221daec5edaabbd7c48"
            ],
            "version": "==0.4.1"
        },
        "cycler": {
            "hashes": [
                "sha256:1d8a5ae1ff6c5cf9b93e8811e581232ad8920aeec647c37316ceac982b08cb2d",
                "sha256:cd7b2d1018258d7247a71425e9f26463dfb444d411c39569972f4ce586b0c9d8"
            ],
            "version": "==0.10.0"
        },
        "decorator": {
            "hashes": [
                "sha256:54c38050039232e1db4ad7375cfce6748d7b41c29e95a081c8a6d2c30364a2ce",
                "sha256:5d19b92a3c8f7f101c8dd86afd86b0f061a8ce4540ab8cd401fa2542756bce6d"
            ],
            "version": "==4.4.1"
        },
        "entrypoints": {
            "hashes": [
                "sha256:589f874b313739ad35be6e0cd7efde2a4e9b6fea91edcc34e58ecbb8dbe56d19",
                "sha256:c70dd71abe5a8c85e55e12c19bd91ccfeec11a6e99044204511f9ed547d48451"
            ],
            "version": "==0.3"
        },
        "flake8": {
            "hashes": [
                "sha256:45681a117ecc81e870cbf1262835ae4af5e7a8b08e40b944a8a6e6b895914cfb",
                "sha256:49356e766643ad15072a789a20915d3c91dc89fd313ccd71802303fd67e4deca"
            ],
            "index": "pypi",
            "version": "==3.7.9"
        },
        "flake8-polyfill": {
            "hashes": [
                "sha256:12be6a34ee3ab795b19ca73505e7b55826d5f6ad7230d31b18e106400169b9e9",
                "sha256:e44b087597f6da52ec6393a709e7108b2905317d0c0b744cdca6208e670d8eda"
            ],
            "version": "==1.0.2"
        },
        "future": {
            "hashes": [
                "sha256:b1bead90b70cf6ec3f0710ae53a525360fa360d306a86583adc6bf83a4db537d"
            ],
            "version": "==0.18.2"
        },
        "ipython": {
            "hashes": [
                "sha256:d9459e7237e2e5858738ff9c3e26504b79899b58a6d49e574d352493d80684c6",
                "sha256:f6689108b1734501d3b59c84427259fd5ac5141afe2e846cfa8598eb811886c9"
            ],
            "index": "pypi",
            "version": "==7.12.0"
        },
        "ipython-genutils": {
            "hashes": [
                "sha256:72dd37233799e619666c9f639a9da83c34013a73e8bbc79a7a6348d93c61fab8",
                "sha256:eb2e116e75ecef9d4d228fdc66af54269afa26ab4463042e33785b887c628ba8"
            ],
            "version": "==0.2.0"
        },
        "isort": {
            "hashes": [
                "sha256:54da7e92468955c4fceacd0c86bd0ec997b0e1ee80d97f67c35a78b719dccab1",
                "sha256:6e811fcb295968434526407adb8796944f1988c5b65e8139058f2014cbe100fd"
            ],
            "version": "==4.3.21"
        },
        "jedi": {
            "hashes": [
                "sha256:b4f4052551025c6b0b0b193b29a6ff7bdb74c52450631206c262aef9f7159ad2",
                "sha256:d5c871cb9360b414f981e7072c52c33258d598305280fef91c6cae34739d65d5"
            ],
            "version": "==0.16.0"
        },
        "kiwisolver": {
            "hashes": [
                "sha256:05b5b061e09f60f56244adc885c4a7867da25ca387376b02c1efc29cc16bcd0f",
                "sha256:210d8c39d01758d76c2b9a693567e1657ec661229bc32eac30761fa79b2474b0",
                "sha256:26f4fbd6f5e1dabff70a9ba0d2c4bd30761086454aa30dddc5b52764ee4852b7",
                "sha256:3b15d56a9cd40c52d7ab763ff0bc700edbb4e1a298dc43715ecccd605002cf11",
                "sha256:3b2378ad387f49cbb328205bda569b9f87288d6bc1bf4cd683c34523a2341efe",
                "sha256:400599c0fe58d21522cae0e8b22318e09d9729451b17ee61ba8e1e7c0346565c",
                "sha256:47b8cb81a7d18dbaf4fed6a61c3cecdb5adec7b4ac292bddb0d016d57e8507d5",
                "sha256:53eaed412477c836e1b9522c19858a8557d6e595077830146182225613b11a75",
                "sha256:58e626e1f7dfbb620d08d457325a4cdac65d1809680009f46bf41eaf74ad0187",
                "sha256:5a52e1b006bfa5be04fe4debbcdd2688432a9af4b207a3f429c74ad625022641",
                "sha256:5c7ca4e449ac9f99b3b9d4693debb1d6d237d1542dd6a56b3305fe8a9620f883",
                "sha256:682e54f0ce8f45981878756d7203fd01e188cc6c8b2c5e2cf03675390b4534d5",
                "sha256:76275ee077772c8dde04fb6c5bc24b91af1bb3e7f4816fd1852f1495a64dad93",
                "sha256:79bfb2f0bd7cbf9ea256612c9523367e5ec51d7cd616ae20ca2c90f575d839a2",
                "sha256:7f4dd50874177d2bb060d74769210f3bce1af87a8c7cf5b37d032ebf94f0aca3",
                "sha256:8944a16020c07b682df861207b7e0efcd2f46c7488619cb55f65882279119389",
                "sha256:8aa7009437640beb2768bfd06da049bad0df85f47ff18426261acecd1cf00897",
                "sha256:9105ce82dcc32c73eb53a04c869b6a4bc756b43e4385f76ea7943e827f529e4d",
                "sha256:933df612c453928f1c6faa9236161a1d999a26cd40abf1dc5d7ebbc6dbfb8fca",
                "sha256:939f36f21a8c571686eb491acfffa9c7f1ac345087281b412d63ea39ca14ec4a",
                "sha256:9491578147849b93e70d7c1d23cb1229458f71fc79c51d52dce0809b2ca44eea",
                "sha256:9733b7f64bd9f807832d673355f79703f81f0b3e52bfce420fc00d8cb28c6a6c",
                "sha256:a02f6c3e229d0b7220bd74600e9351e18bc0c361b05f29adae0d10599ae0e326",
                "sha256:a0c0a9f06872330d0dd31b45607197caab3c22777600e88031bfe66799e70bb0",
                "sha256:aa716b9122307c50686356cfb47bfbc66541868078d0c801341df31dca1232a9",
                "sha256:acc4df99308111585121db217681f1ce0eecb48d3a828a2f9bbf9773f4937e9e",
                "sha256:b64916959e4ae0ac78af7c3e8cef4becee0c0e9694ad477b4c6b3a536de6a544",
                "sha256:d22702cadb86b6fcba0e6b907d9f84a312db9cd6934ee728144ce3018e715ee1",
                "sha256:d3fcf0819dc3fea58be1fd1ca390851bdb719a549850e708ed858503ff25d995",
                "sha256:d52e3b1868a4e8fd18b5cb15055c76820df514e26aa84cc02f593d99fef6707f",
                "sha256:db1a5d3cc4ae943d674718d6c47d2d82488ddd94b93b9e12d24aabdbfe48caee",
                "sha256:e3a21a720791712ed721c7b95d433e036134de6f18c77dbe96119eaf7aa08004",
                "sha256:e8bf074363ce2babeb4764d94f8e65efd22e6a7c74860a4f05a6947afc020ff2",
                "sha256:f16814a4a96dc04bf1da7d53ee8d5b1d6decfc1a92a63349bb15d37b6a263dd9",
                "sha256:f2b22153870ca5cf2ab9c940d7bc38e8e9089fa0f7e5856ea195e1cf4ff43d5a",
                "sha256:f790f8b3dff3d53453de6a7b7ddd173d2e020fb160baff578d578065b108a05f",
                "sha256:fe51b79da0062f8e9d49ed0182a626a7dc7a0cbca0328f612c6ee5e4711c81e4"
            ],
            "version": "==1.1.0"
        },
        "lazy-object-proxy": {
            "hashes": [
                "sha256:0c4b206227a8097f05c4dbdd323c50edf81f15db3b8dc064d08c62d37e1a504d",
                "sha256:194d092e6f246b906e8f70884e620e459fc54db3259e60cf69a4d66c3fda3449",
                "sha256:1be7e4c9f96948003609aa6c974ae59830a6baecc5376c25c92d7d697e684c08",
                "sha256:4677f594e474c91da97f489fea5b7daa17b5517190899cf213697e48d3902f5a",
                "sha256:48dab84ebd4831077b150572aec802f303117c8cc5c871e182447281ebf3ac50",
                "sha256:5541cada25cd173702dbd99f8e22434105456314462326f06dba3e180f203dfd",
                "sha256:59f79fef100b09564bc2df42ea2d8d21a64fdcda64979c0fa3db7bdaabaf6239",
                "sha256:8d859b89baf8ef7f8bc6b00aa20316483d67f0b1cbf422f5b4dc56701c8f2ffb",
                "sha256:9254f4358b9b541e3441b007a0ea0764b9d056afdeafc1a5569eee1cc6c1b9ea",
                "sha256:9651375199045a358eb6741df3e02a651e0330be090b3bc79f6d0de31a80ec3e",
                "sha256:97bb5884f6f1cdce0099f86b907aa41c970c3c672ac8b9c8352789e103cf3156",
                "sha256:9b15f3f4c0f35727d3a0fba4b770b3c4ebbb1fa907dbcc046a1d2799f3edd142",
                "sha256:a2238e9d1bb71a56cd710611a1614d1194dc10a175c1e08d75e1a7bcc250d442",
                "sha256:a6ae12d08c0bf9909ce12385803a543bfe99b95fe01e752536a60af2b7797c62",
                "sha256:ca0a928a3ddbc5725be2dd1cf895ec0a254798915fb3a36af0964a0a4149e3db",
                "sha256:cb2c7c57005a6804ab66f106ceb8482da55f5314b7fcb06551db1edae4ad1531",
                "sha256:d74bb8693bf9cf75ac3b47a54d716bbb1a92648d5f781fc799347cfc95952383",
                "sha256:d945239a5639b3ff35b70a88c5f2f491913eb94871780ebfabb2568bd58afc5a",
                "sha256:eba7011090323c1dadf18b3b689845fd96a61ba0a1dfbd7f24b921398affc357",
                "sha256:efa1909120ce98bbb3777e8b6f92237f5d5c8ea6758efea36a473e1d38f7d3e4",
                "sha256:f3900e8a5de27447acbf900b4750b0ddfd7ec1ea7fbaf11dfa911141bc522af0"
            ],
            "version": "==1.4.3"
        },
        "mando": {
            "hashes": [
                "sha256:4ce09faec7e5192ffc3c57830e26acba0fd6cd11e1ee81af0d4df0657463bd1c",
                "sha256:79feb19dc0f097daa64a1243db578e7674909b75f88ac2220f1c065c10a0d960"
            ],
            "version": "==0.6.4"
        },
        "matplotlib": {
            "hashes": [
                "sha256:23b71560c721109954c0215ffc81f4c80ce8528749d534a01a61e8ab737c5bce",
                "sha256:4164265ca573481ce61c83322e6b33628203afeabeb3e22c50376f5d3ee0f9be",
                "sha256:470eed601ff5132364e0121a20d7c3d43fab969c8c333422c1b6b72fde2ed3c1",
                "sha256:635ded7834f43c8d999076236f7e90074d77f7b8345e5e82cd95af053cc29df1",
                "sha256:6a0031774c6c68298183438edf2e738856d63a4c4797876fa81d0ee337f5361c",
                "sha256:78d0772412c0653aa3e860c52ff08d1f5ba64334e2b86b09dc2d502657d8ca73",
                "sha256:8efff896c49676700dc6adace6137a854ff64a4d44ca057ff726960ffdaa47bf",
                "sha256:97f04d29a358826f205320fbc88d46ce5c5ff6fb54ae050042ff396beda52ca4",
                "sha256:b4c0010eff09ab65c77ad1a0eec6c7cccb9f6838c3c77dc5b4002fe0cf2912fd",
                "sha256:b5ace0531255932ad19fe64c116ada2713f7b38381db8f68df0fa694409e67d1",
                "sha256:c7bb7ed3e011324b56462391ec3f4bbb7c8c6af5892ebfb45d312b15b4cdfc8d",
                "sha256:db3121f12fb9b99f105d1413aebaeb3d943f269f3d262b45586d12765866f0c6",
                "sha256:db8bbba9284845034a2f0e1add91dc5e89db8c996359bdcf677a8d6f88875cf1",
                "sha256:f0023322c99328c40ce22678ab0ab5adfc27e338419966539398239996f63e8d"
            ],
            "index": "pypi",
            "version": "==3.1.3"
        },
        "mccabe": {
            "hashes": [
                "sha256:ab8a6258860da4b6677da4bd2fe5dc2c659cff31b3ee4f7f5d64e79735b80d42",
                "sha256:dd8d182285a0fe56bace7f45b5e7d1a6ebcbf524e8f3bd87eb0f125271b8831f"
            ],
            "version": "==0.6.1"
        },
        "numpy": {
            "hashes": [
                "sha256:1786a08236f2c92ae0e70423c45e1e62788ed33028f94ca99c4df03f5be6b3c6",
                "sha256:17aa7a81fe7599a10f2b7d95856dc5cf84a4eefa45bc96123cbbc3ebc568994e",
                "sha256:20b26aaa5b3da029942cdcce719b363dbe58696ad182aff0e5dcb1687ec946dc",
                "sha256:2d75908ab3ced4223ccba595b48e538afa5ecc37405923d1fea6906d7c3a50bc",
                "sha256:39d2c685af15d3ce682c99ce5925cc66efc824652e10990d2462dfe9b8918c6a",
                "sha256:56bc8ded6fcd9adea90f65377438f9fea8c05fcf7c5ba766bef258d0da1554aa",
                "sha256:590355aeade1a2eaba17617c19edccb7db8d78760175256e3cf94590a1a964f3",
                "sha256:70a840a26f4e61defa7bdf811d7498a284ced303dfbc35acb7be12a39b2aa121",
                "sha256:77c3bfe65d8560487052ad55c6998a04b654c2fbc36d546aef2b2e511e760971",
                "sha256:9537eecf179f566fd1c160a2e912ca0b8e02d773af0a7a1120ad4f7507cd0d26",
                "sha256:9acdf933c1fd263c513a2df3dceecea6f3ff4419d80bf238510976bf9bcb26cd",
                "sha256:ae0975f42ab1f28364dcda3dde3cf6c1ddab3e1d4b2909da0cb0191fa9ca0480",
                "sha256:b3af02ecc999c8003e538e60c89a2b37646b39b688d4e44d7373e11c2debabec",
                "sha256:b6ff59cee96b454516e47e7721098e6ceebef435e3e21ac2d6c3b8b02628eb77",
                "sha256:b765ed3930b92812aa698a455847141869ef755a87e099fddd4ccf9d81fffb57",
                "sha256:c98c5ffd7d41611407a1103ae11c8b634ad6a43606eca3e2a5a269e5d6e8eb07",
                "sha256:cf7eb6b1025d3e169989416b1adcd676624c2dbed9e3bcb7137f51bfc8cc2572",
                "sha256:d92350c22b150c1cae7ebb0ee8b5670cc84848f6359cf6b5d8f86617098a9b73",
                "sha256:e422c3152921cece8b6a2fb6b0b4d73b6579bd20ae075e7d15143e711f3ca2ca",
                "sha256:e840f552a509e3380b0f0ec977e8124d0dc34dc0e68289ca28f4d7c1d0d79474",
                "sha256:f3d0a94ad151870978fb93538e95411c83899c9dc63e6fb65542f769568ecfa5"
            ],
            "version": "==1.18.1"
        },
        "parso": {
            "hashes": [
                "sha256:56b2105a80e9c4df49de85e125feb6be69f49920e121406f15e7acde6c9dfc57",
                "sha256:951af01f61e6dccd04159042a0706a31ad437864ec6e25d0d7a96a9fbb9b0095"
            ],
            "version": "==0.6.1"
        },
        "pexpect": {
            "hashes": [
                "sha256:0b48a55dcb3c05f3329815901ea4fc1537514d6ba867a152b581d69ae3710937",
                "sha256:fc65a43959d153d0114afe13997d439c22823a27cefceb5ff35c2178c6784c0c"
            ],
            "markers": "sys_platform != 'win32'",
            "version": "==4.8.0"
        },
        "pickleshare": {
            "hashes": [
                "sha256:87683d47965c1da65cdacaf31c8441d12b8044cdec9aca500cd78fc2c683afca",
                "sha256:9649af414d74d4df115d5d718f82acb59c9d418196b7b4290ed47a12ce62df56"
            ],
            "version": "==0.7.5"
        },
        "prompt-toolkit": {
            "hashes": [
                "sha256:a402e9bf468b63314e37460b68ba68243d55b2f8c4d0192f85a019af3945050e",
                "sha256:c93e53af97f630f12f5f62a3274e79527936ed466f038953dfa379d4941f651a"
            ],
            "version": "==3.0.3"
        },
        "ptyprocess": {
            "hashes": [
                "sha256:923f299cc5ad920c68f2bc0bc98b75b9f838b93b599941a6b63ddbc2476394c0",
                "sha256:d7cc528d76e76342423ca640335bd3633420dc1366f258cb31d05e865ef5ca1f"
            ],
            "version": "==0.6.0"
        },
        "pycodestyle": {
            "hashes": [
                "sha256:95a2219d12372f05704562a14ec30bc76b05a5b297b21a5dfe3f6fac3491ae56",
                "sha256:e40a936c9a450ad81df37f549d676d127b1b66000a6c500caa2b085bc0ca976c"
            ],
            "version": "==2.5.0"
        },
        "pydocstyle": {
            "hashes": [
                "sha256:da7831660b7355307b32778c4a0dbfb137d89254ef31a2b2978f50fc0b4d7586",
                "sha256:f4f5d210610c2d153fae39093d44224c17429e2ad7da12a8b419aba5c2f614b5"
            ],
            "index": "pypi",
            "version": "==5.0.2"
        },
        "pyflakes": {
            "hashes": [
                "sha256:17dbeb2e3f4d772725c777fabc446d5634d1038f234e77343108ce445ea69ce0",
                "sha256:d976835886f8c5b31d47970ed689944a0262b5f3afa00a5a7b4dc81e5449f8a2"
            ],
            "version": "==2.1.1"
        },
        "pygments": {
            "hashes": [
                "sha256:2a3fe295e54a20164a9df49c75fa58526d3be48e14aceba6d6b1e8ac0bfd6f1b",
                "sha256:98c8aa5a9f778fcd1026a17361ddaf7330d1b7c62ae97c3bb0ae73e0b9b6b0fe"
            ],
            "version": "==2.5.2"
        },
        "pylint": {
            "hashes": [
                "sha256:3db5468ad013380e987410a8d6956226963aed94ecb5f9d3a28acca6d9ac36cd",
                "sha256:886e6afc935ea2590b462664b161ca9a5e40168ea99e5300935f6591ad467df4"
            ],
            "index": "pypi",
            "version": "==2.4.4"
        },
        "pyparsing": {
            "hashes": [
                "sha256:4c830582a84fb022400b85429791bc551f1f4871c33f23e44f353119e92f969f",
                "sha256:c342dccb5250c08d45fd6f8b4a559613ca603b57498511740e65cd11a2e7dcec"
            ],
            "version": "==2.4.6"
        },
        "python-dateutil": {
            "hashes": [
                "sha256:73ebfe9dbf22e832286dafa60473e4cd239f8592f699aa5adaf10050e6e1823c",
                "sha256:75bb3f31ea686f1197762692a9ee6a7550b59fc6ca3a1f4b5d7e32fb98e2da2a"
            ],
            "version": "==2.8.1"
        },
        "radon": {
            "hashes": [
                "sha256:0c18111ec6cfe7f664bf9db6c51586714ac8c6d9741542706df8a85aca39b99a",
                "sha256:56082c52206db45027d4a73612e1b21663c4cc2be3760fee769d966fd7efdd6d"
            ],
            "index": "pypi",
            "version": "==4.1.0"
        },
        "rope": {
            "hashes": [
                "sha256:52423a7eebb5306a6d63bdc91a7c657db51ac9babfb8341c9a1440831ecf3203",
                "sha256:ae1fa2fd56f64f4cc9be46493ce54bed0dd12dee03980c61a4393d89d84029ad",
                "sha256:d2830142c2e046f5fc26a022fe680675b6f48f81c7fc1f03a950706e746e9dfe"
            ],
            "index": "pypi",
            "version": "==0.16.0"
        },
        "six": {
            "hashes": [
                "sha256:236bdbdce46e6e6a3d61a337c0f8b763ca1e8717c03b369e87a7ec7ce1319c0a",
                "sha256:8f3cd2e254d8f793e7f3d6d9df77b92252b52637291d0f0da013c76ea2724b6c"
            ],
            "version": "==1.14.0"
        },
        "snowballstemmer": {
            "hashes": [
                "sha256:209f257d7533fdb3cb73bdbd24f436239ca3b2fa67d56f6ff88e86be08cc5ef0",
                "sha256:df3bac3df4c2c01363f3dd2cfa78cce2840a79b9f1c2d2de9ce8d31683992f52"
            ],
            "version": "==2.0.0"
        },
        "traitlets": {
            "hashes": [
                "sha256:70b4c6a1d9019d7b4f6846832288f86998aa3b9207c6821f3578a6a6a467fe44",
                "sha256:d023ee369ddd2763310e4c3eae1ff649689440d4ae59d7485eb4cfbbe3e359f7"
            ],
            "version": "==4.3.3"
        },
        "wcwidth": {
            "hashes": [
                "sha256:8fd29383f539be45b20bd4df0dc29c20ba48654a41e661925e612311e9f3c603",
                "sha256:f28b3e8a6483e5d49e7f8949ac1a78314e740333ae305b4ba5defd3e74fb37a8"
            ],
            "version": "==0.1.8"
        },
        "wrapt": {
            "hashes": [
                "sha256:565a021fd19419476b9362b05eeaa094178de64f8361e44468f9e9d7843901e1"
            ],
            "version": "==1.11.2"
        }
    }
}
