{
    "_meta": {
        "hash": {
            "sha256": "0966f69d983564a003499d060a8edbdbdcf503f2c58901a16d0dc9db4fdc1c8f"
        },
        "pipfile-spec": 6,
        "requires": {
            "python_version": "3.7"
        },
        "sources": [
            {
                "name": "pypi",
                "url": "https://pypi.org/simple",
                "verify_ssl": true
            }
        ]
    },
    "default": {
        "aggdraw": {
            "hashes": [
                "sha256:12c36f71addbd6d81e51cf4a18a0b02c75b8d98d171471de9a72b3f920fd769e",
                "sha256:1f49eb9b7de9b04f4884ced07255a0790164952f0340ba98cc43580cbb062cd2",
                "sha256:2744768d25ee2f4e5ad47ae00375c976d0aac832961c668c97a31e723245db14",
                "sha256:2f6f43ec32f30b807d97caf06a6dbf983b12fb797f0d2f7216938605011ad925",
                "sha256:39f872e30f4ed0d12e92a5ffb8d9bedebd3bffee752e35ecedf1a9508028a58b",
                "sha256:3a13ec0683bfae2c4ba6eb23db1988c9e172f7df7d0417505e3c0a555112168d",
                "sha256:3e51be3a1e6dc041a81eefddbc5a3245767af33e695186e129d911278ace0761",
                "sha256:43c391a71a0d93a2760022a2c81f56f77be96a1fe2a70045f948a3a7fcff5518",
                "sha256:468855cc5fa142bcc8435e3fbaf03797ca1aea30f05b628e8ca4901d9261e77b",
                "sha256:56acfcd6f0c18203745acffde905ce64620a233f2f7355822dcdcb02aef7d9ce",
                "sha256:56b07747f48f5f08e7ce538b4651d763194ebf9f6931890af2d69bc71906cac9",
                "sha256:594340ab5eeffeaf753025bff499b94da1612b997a544bb3d79ce549663b767a",
                "sha256:5c8f9bac5a7791899065f3997518928349bb6ef85d428c8118590ed0055d3c37",
                "sha256:5e363040cacdbb7e2cc078e67017e5ec6a5c3fa39c0f9225d2ce374d35ef0d6e",
                "sha256:61d686ae402ae8f5e4084c5ad26eecf175307395c9ce1cdc01058b662aba5976",
                "sha256:63200c22a900f48581fea23f371fac5b9c78627bf41e3b0ed2a8b98784cce4aa",
                "sha256:65c40b8f3b648ab388d5c6769eb2ac09e0faeb1f1fe8a03d6713a215572cf052",
                "sha256:68d3cc44e5cd07d020457b7e719edb64de937da5545f8b7b301be3b5d3f13a88",
                "sha256:6a004f6a860b65b430e760610eb6ef485da4626942bf903b628083b01527c4f9",
                "sha256:6d0225ed33bb55665726943bb34bc6cb2c169619cfde61401f99276d322e2f0a",
                "sha256:8ffb11e3a29de32a6c8e98980f605a54b6ac1105bb7f43a7e234b8076c1da6a9",
                "sha256:9479ba9604be4de58113bbf18e183e4fa8b4d4c09a03fd9c7b7cde48570ae1e5",
                "sha256:96ae0ac6d483e6ea6df303521c933d9ecb5a53d5f5f6058a41a3d4d718ff207b",
                "sha256:a15866b09d1aa6989a32c5e6dba9cfdf4c16db9c763bed13300766cf18545b4e",
                "sha256:a4318661ad48535ee9dcaf7185f488b5d902b99eb9326513a43d9a78af152318",
                "sha256:b0980a11d0722c582d7aff669f0ecf037cd79783337172e7e9b2c73d4c4bf8f7",
                "sha256:b7cf89f2be334c33be14cafe5e1d79328fb5d0ac1d902fc59622d82817e96171",
                "sha256:cbfa596dafc2e156a65d3cac9711eeb9d9f94f0c221a55d7efd88ec24d42e83c"
            ],
            "index": "pypi",
            "version": "==1.3.10"
        },
        "cached-property": {
            "hashes": [
                "sha256:3a026f1a54135677e7da5ce819b0c690f156f37976f3e30c5430740725203d7f",
                "sha256:9217a59f14a5682da7c4b8829deadbfc194ac22e9908ccf7c8820234e80a1504"
            ],
            "index": "pypi",
            "version": "==1.5.1"
        },
        "dataslots": {
            "hashes": [
                "sha256:e2fb733f9a65a48b1d6edd17dbb9a77ee959362dfaeb7d09a14cf02378a40021"
            ],
            "index": "pypi",
            "version": "==1.0.1"
        },
        "fibonacci-heap-mod": {
            "hashes": [
                "sha256:8889df116329d564cc347c7461b34c7dae0d65da3a9d23b52951d1b0a553c368"
            ],
            "index": "pypi",
            "version": "==1.1"
        },
        "panda3d": {
            "hashes": [
                "sha256:059d5171731631918c3a5a4da705b047ba3268207a6ebbe3c15e4ecce4620002",
                "sha256:095cc071dc40add9a48d57cf3e900bb77aac963374d4921a86b1e951028545a1",
                "sha256:11f3f35afaf6bdc02510c6045dc5e604abb40eb2664e3c5db027c210a8a49217",
                "sha256:1311b2c3103b8640ecf161512a57486b241c67c990e9ba4580da0fc34d203458",
                "sha256:1636eedd25cb6a1f065e13b42f0e6efaad9560f34210e0b4fe4b4a497a41ffc1",
                "sha256:2084ebcb1c9275f5fb75231e50d82080d2fafffd68501b21203224f6e9d605f0",
                "sha256:32f24a636608b9c56e6c0c61157b072bc5c5324bd0fb0348d12c7e3aa474c2cc",
                "sha256:3a9ded1d2f7447811d92bc99f87ed5b5023bb41804808726e0cce9eb94918b77",
                "sha256:413f4e461c829294000ed95c2fe3ae484c0833d3c7bcac6db25785d1459fa9f3",
                "sha256:4f9e68a24661ca6d5f15dbe3506da9fa1a89b28f2862ad5d8e920b2432f14036",
                "sha256:546520b132c33b7b01ae34f0f34d156f1b9d8f4b781b2745c79da8d3f339bb19",
                "sha256:5ec8199062a97996b4809cabf3e02623ae0419e4d7e25dcad7ac67f4d6ce3347",
                "sha256:61be40421243f0c25c5e85c374d75e3dd2c1d7f6677725b2b2d8832258015427",
                "sha256:6edeccd8618db70f3b079bb20399c71bcd9163a9cc3c5f8313f375a18bd71a59",
                "sha256:762b1ae0d97f2cde101940c9bc190902521d23f983e4b03b38ad17162a1bc11e",
                "sha256:7db69fb66537a430411d6ea05228fba8f5e9968318f5ecc6823c0117f09e6b8c",
                "sha256:849963bbe067f34805512dd146c198b49fe7fe68295569232c15b958e3cb0343",
                "sha256:86cb4aa8d2d298b46002809032697463952806f6ad73a715c7192f3d8a48d9ad",
                "sha256:880fcf5d9999fe4ccf638a29d3019d59a66943de6531b3f1177a399079486715",
                "sha256:8b624ccf64f1a9d21914604471e1e7b5bf1b9433680adaa198dd529ffa7dbd33",
                "sha256:9869a9ceaa981c5e78a8e563843a49b9020de26e17e53ca314bb5286baf028e4",
                "sha256:9a52f71cbc98b832eb968ce8ec561ceb2a382dcaeb91e9268bcb509fdae526b1",
                "sha256:9a6edea02ae5746ef74d43e39e60364f171aadc9ba19350fa0cfd4a56d46ed89",
                "sha256:a26e2d25a3a56c53920812197f293353fbef7ef365d86295f9422dba6e8e99fd",
                "sha256:a3b019c0e7890860f44b5df789e115ec2230d6febc27780f5c3a0b60623c8208",
                "sha256:b1afae67c3edeb655d1806ae9620c715f29c24fd632dce4f9bfeb6d6f0f3f3aa",
                "sha256:b3908aa550e10cf6b5b7c46841716bbecac6e660ad145bb586bc383fe37ceb57",
                "sha256:cd867d9c43edbad6e49343efd08dcc0a581908e305d0bd4e159a51634866ede1",
                "sha256:dea18bd950fd50f61634483ae722fa71c90f12571f922472b7326ee3c94be575",
                "sha256:e276d2c82319e6b0387c6d606f351eece138daa6c0e44b1db6e1567337c7a798"
            ],
            "index": "pypi",
            "version": "==1.10.3"
        },
        "pillow": {
            "hashes": [
                "sha256:0804f77cb1e9b6dbd37601cee11283bba39a8d44b9ddb053400c58e0c0d7d9de",
                "sha256:0ab7c5b5d04691bcbd570658667dd1e21ca311c62dcfd315ad2255b1cd37f64f",
                "sha256:0b3e6cf3ea1f8cecd625f1420b931c83ce74f00c29a0ff1ce4385f99900ac7c4",
                "sha256:365c06a45712cd723ec16fa4ceb32ce46ad201eb7bbf6d3c16b063c72b61a3ed",
                "sha256:38301fbc0af865baa4752ddae1bb3cbb24b3d8f221bf2850aad96b243306fa03",
                "sha256:3aef1af1a91798536bbab35d70d35750bd2884f0832c88aeb2499aa2d1ed4992",
                "sha256:3fe0ab49537d9330c9bba7f16a5f8b02da615b5c809cdf7124f356a0f182eccd",
                "sha256:45a619d5c1915957449264c81c008934452e3fd3604e36809212300b2a4dab68",
                "sha256:49f90f147883a0c3778fd29d3eb169d56416f25758d0f66775db9184debc8010",
                "sha256:571b5a758baf1cb6a04233fb23d6cf1ca60b31f9f641b1700bfaab1194020555",
                "sha256:5ac381e8b1259925287ccc5a87d9cf6322a2dc88ae28a97fe3e196385288413f",
                "sha256:6153db744a743c0c8c91b8e3b9d40e0b13a5d31dbf8a12748c6d9bfd3ddc01ad",
                "sha256:6fd63afd14a16f5d6b408f623cc2142917a1f92855f0df997e09a49f0341be8a",
                "sha256:70acbcaba2a638923c2d337e0edea210505708d7859b87c2bd81e8f9902ae826",
                "sha256:70b1594d56ed32d56ed21a7fbb2a5c6fd7446cdb7b21e749c9791eac3a64d9e4",
                "sha256:76638865c83b1bb33bcac2a61ce4d13c17dba2204969dedb9ab60ef62bede686",
                "sha256:7b2ec162c87fc496aa568258ac88631a2ce0acfe681a9af40842fc55deaedc99",
                "sha256:7cee2cef07c8d76894ebefc54e4bb707dfc7f258ad155bd61d87f6cd487a70ff",
                "sha256:7d16d4498f8b374fc625c4037742fbdd7f9ac383fd50b06f4df00c81ef60e829",
                "sha256:b50bc1780681b127e28f0075dfb81d6135c3a293e0c1d0211133c75e2179b6c0",
                "sha256:bd0582f831ad5bcad6ca001deba4568573a4675437db17c4031939156ff339fa",
                "sha256:cfd40d8a4b59f7567620410f966bb1f32dc555b2b19f82a91b147fac296f645c",
                "sha256:e3ae410089de680e8f84c68b755b42bc42c0ceb8c03dbea88a5099747091d38e",
                "sha256:e9046e559c299b395b39ac7dbf16005308821c2f24a63cae2ab173bd6aa11616",
                "sha256:ef6be704ae2bc8ad0ebc5cb850ee9139493b0fc4e81abcc240fb392a63ebc808",
                "sha256:f8dc19d92896558f9c4317ee365729ead9d7bbcf2052a9a19a3ef17abbb8ac5b"
            ],
            "index": "pypi",
            "version": "==6.1.0"
        },
        "rtree": {
            "hashes": [
                "sha256:6cb9cf3000963ea6a3db777a597baee2bc55c4fc891e4f1967f262cc96148649",
                "sha256:8526431aa15d8cea1c07b451ce853b62b1da4cf6b74c07810aba5b81d12efe66",
                "sha256:a9e67386073f93f22449f396d5993dfe479335169c376f3f7fb04a396391f0dc"
            ],
            "index": "pypi",
            "version": "==0.8.3"
        }
    },
    "develop": {
        "astroid": {
            "hashes": [
                "sha256:6560e1e1749f68c64a4b5dee4e091fce798d2f0d84ebe638cf0e0585a343acf4",
                "sha256:b65db1bbaac9f9f4d190199bb8680af6f6f84fd3769a5ea883df8a91fe68b4c4"
            ],
            "version": "==2.2.5"
        },
        "backcall": {
            "hashes": [
                "sha256:38ecd85be2c1e78f77fd91700c76e14667dc21e2713b63876c0eb901196e01e4",
                "sha256:bbbf4b1e5cd2bdb08f915895b51081c041bac22394fdfcfdfbe9f14b77c08bf2"
            ],
            "version": "==0.1.0"
        },
        "colorama": {
            "hashes": [
                "sha256:05eed71e2e327246ad6b38c540c4a3117230b19679b875190486ddd2d721422d",
                "sha256:f8ac84de7840f5b9c4e3347b3c1eaa50f7e49c2b07596221daec5edaabbd7c48"
            ],
            "version": "==0.4.1"
        },
        "decorator": {
            "hashes": [
                "sha256:86156361c50488b84a3f148056ea716ca587df2f0de1d34750d35c21312725de",
                "sha256:f069f3a01830ca754ba5258fde2278454a0b5b79e0d7f5c13b3b97e57d4acff6"
            ],
            "version": "==4.4.0"
        },
        "entrypoints": {
            "hashes": [
                "sha256:589f874b313739ad35be6e0cd7efde2a4e9b6fea91edcc34e58ecbb8dbe56d19",
                "sha256:c70dd71abe5a8c85e55e12c19bd91ccfeec11a6e99044204511f9ed547d48451"
            ],
            "version": "==0.3"
        },
        "flake8": {
            "hashes": [
                "sha256:859996073f341f2670741b51ec1e67a01da142831aa1fdc6242dbf88dffbe661",
                "sha256:a796a115208f5c03b18f332f7c11729812c8c3ded6c46319c59b53efd3819da8"
            ],
            "index": "pypi",
            "version": "==3.7.7"
        },
        "flake8-polyfill": {
            "hashes": [
                "sha256:12be6a34ee3ab795b19ca73505e7b55826d5f6ad7230d31b18e106400169b9e9",
                "sha256:e44b087597f6da52ec6393a709e7108b2905317d0c0b744cdca6208e670d8eda"
            ],
            "version": "==1.0.2"
        },
        "future": {
            "hashes": [
                "sha256:67045236dcfd6816dc439556d009594abf643e5eb48992e36beac09c2ca659b8"
            ],
            "version": "==0.17.1"
        },
        "ipython": {
            "hashes": [
                "sha256:11067ab11d98b1e6c7f0993506f7a5f8a91af420f7e82be6575fcb7a6ca372a0",
                "sha256:60bc55c2c1d287161191cc2469e73c116d9b634cff25fe214a43cba7cec94c79"
            ],
            "index": "pypi",
            "version": "==7.6.1"
        },
        "ipython-genutils": {
            "hashes": [
                "sha256:72dd37233799e619666c9f639a9da83c34013a73e8bbc79a7a6348d93c61fab8",
                "sha256:eb2e116e75ecef9d4d228fdc66af54269afa26ab4463042e33785b887c628ba8"
            ],
            "version": "==0.2.0"
        },
        "isort": {
            "hashes": [
                "sha256:54da7e92468955c4fceacd0c86bd0ec997b0e1ee80d97f67c35a78b719dccab1",
                "sha256:6e811fcb295968434526407adb8796944f1988c5b65e8139058f2014cbe100fd"
            ],
            "version": "==4.3.21"
        },
        "jedi": {
            "hashes": [
                "sha256:49ccb782651bb6f7009810d17a3316f8867dde31654c750506970742e18b553d",
                "sha256:79d0f6595f3846dffcbe667cc6dc821b96e5baa8add125176c31a3917eb19d58"
            ],
            "version": "==0.14.0"
        },
        "lazy-object-proxy": {
            "hashes": [
                "sha256:159a745e61422217881c4de71f9eafd9d703b93af95618635849fe469a283661",
                "sha256:23f63c0821cc96a23332e45dfaa83266feff8adc72b9bcaef86c202af765244f",
                "sha256:3b11be575475db2e8a6e11215f5aa95b9ec14de658628776e10d96fa0b4dac13",
                "sha256:3f447aff8bc61ca8b42b73304f6a44fa0d915487de144652816f950a3f1ab821",
                "sha256:4ba73f6089cd9b9478bc0a4fa807b47dbdb8fad1d8f31a0f0a5dbf26a4527a71",
                "sha256:4f53eadd9932055eac465bd3ca1bd610e4d7141e1278012bd1f28646aebc1d0e",
                "sha256:64483bd7154580158ea90de5b8e5e6fc29a16a9b4db24f10193f0c1ae3f9d1ea",
                "sha256:6f72d42b0d04bfee2397aa1862262654b56922c20a9bb66bb76b6f0e5e4f9229",
                "sha256:7c7f1ec07b227bdc561299fa2328e85000f90179a2f44ea30579d38e037cb3d4",
                "sha256:7c8b1ba1e15c10b13cad4171cfa77f5bb5ec2580abc5a353907780805ebe158e",
                "sha256:8559b94b823f85342e10d3d9ca4ba5478168e1ac5658a8a2f18c991ba9c52c20",
                "sha256:a262c7dfb046f00e12a2bdd1bafaed2408114a89ac414b0af8755c696eb3fc16",
                "sha256:acce4e3267610c4fdb6632b3886fe3f2f7dd641158a843cf6b6a68e4ce81477b",
                "sha256:be089bb6b83fac7f29d357b2dc4cf2b8eb8d98fe9d9ff89f9ea6012970a853c7",
                "sha256:bfab710d859c779f273cc48fb86af38d6e9210f38287df0069a63e40b45a2f5c",
                "sha256:c10d29019927301d524a22ced72706380de7cfc50f767217485a912b4c8bd82a",
                "sha256:dd6e2b598849b3d7aee2295ac765a578879830fb8966f70be8cd472e6069932e",
                "sha256:e408f1eacc0a68fed0c08da45f31d0ebb38079f043328dce69ff133b95c29dc1"
            ],
            "version": "==1.4.1"
        },
        "mando": {
            "hashes": [
                "sha256:4ce09faec7e5192ffc3c57830e26acba0fd6cd11e1ee81af0d4df0657463bd1c",
                "sha256:79feb19dc0f097daa64a1243db578e7674909b75f88ac2220f1c065c10a0d960"
            ],
            "version": "==0.6.4"
        },
        "mccabe": {
            "hashes": [
                "sha256:ab8a6258860da4b6677da4bd2fe5dc2c659cff31b3ee4f7f5d64e79735b80d42",
                "sha256:dd8d182285a0fe56bace7f45b5e7d1a6ebcbf524e8f3bd87eb0f125271b8831f"
            ],
            "version": "==0.6.1"
        },
        "parso": {
            "hashes": [
                "sha256:5052bb33be034cba784193e74b1cde6ebf29ae8b8c1e4ad94df0c4209bfc4826",
                "sha256:db5881df1643bf3e66c097bfd8935cf03eae73f4cb61ae4433c9ea4fb6613446"
            ],
            "version": "==0.5.0"
        },
        "pexpect": {
            "hashes": [
                "sha256:2094eefdfcf37a1fdbfb9aa090862c1a4878e5c7e0e7e7088bdb511c558e5cd1",
                "sha256:9e2c1fd0e6ee3a49b28f95d4b33bc389c89b20af6a1255906e90ff1262ce62eb"
            ],
            "markers": "sys_platform != 'win32'",
            "version": "==4.7.0"
        },
        "pickleshare": {
            "hashes": [
                "sha256:87683d47965c1da65cdacaf31c8441d12b8044cdec9aca500cd78fc2c683afca",
                "sha256:9649af414d74d4df115d5d718f82acb59c9d418196b7b4290ed47a12ce62df56"
            ],
            "version": "==0.7.5"
        },
        "prompt-toolkit": {
            "hashes": [
                "sha256:11adf3389a996a6d45cc277580d0d53e8a5afd281d0c9ec71b28e6f121463780",
                "sha256:2519ad1d8038fd5fc8e770362237ad0364d16a7650fb5724af6997ed5515e3c1",
                "sha256:977c6583ae813a37dc1c2e1b715892461fcbdaa57f6fc62f33a528c4886c8f55"
            ],
            "version": "==2.0.9"
        },
        "ptyprocess": {
            "hashes": [
                "sha256:923f299cc5ad920c68f2bc0bc98b75b9f838b93b599941a6b63ddbc2476394c0",
                "sha256:d7cc528d76e76342423ca640335bd3633420dc1366f258cb31d05e865ef5ca1f"
            ],
            "version": "==0.6.0"
        },
        "pycodestyle": {
            "hashes": [
                "sha256:95a2219d12372f05704562a14ec30bc76b05a5b297b21a5dfe3f6fac3491ae56",
                "sha256:e40a936c9a450ad81df37f549d676d127b1b66000a6c500caa2b085bc0ca976c"
            ],
            "version": "==2.5.0"
        },
        "pydocstyle": {
            "hashes": [
                "sha256:58c421dd605eec0bce65df8b8e5371bb7ae421582cdf0ba8d9435ac5b0ffc36a"
            ],
            "index": "pypi",
            "version": "==4.0.0"
        },
        "pyflakes": {
            "hashes": [
                "sha256:17dbeb2e3f4d772725c777fabc446d5634d1038f234e77343108ce445ea69ce0",
                "sha256:d976835886f8c5b31d47970ed689944a0262b5f3afa00a5a7b4dc81e5449f8a2"
            ],
            "version": "==2.1.1"
        },
        "pygments": {
            "hashes": [
                "sha256:71e430bc85c88a430f000ac1d9b331d2407f681d6f6aec95e8bcfbc3df5b0127",
                "sha256:881c4c157e45f30af185c1ffe8d549d48ac9127433f2c380c24b84572ad66297"
            ],
            "version": "==2.4.2"
        },
        "pylint": {
            "hashes": [
                "sha256:5d77031694a5fb97ea95e828c8d10fc770a1df6eb3906067aaed42201a8a6a09",
                "sha256:723e3db49555abaf9bf79dc474c6b9e2935ad82230b10c1138a71ea41ac0fff1"
            ],
            "index": "pypi",
            "version": "==2.3.1"
        },
        "radon": {
            "hashes": [
                "sha256:0cde1953547a164d24420ed6ccdfa18b61f1457b96a2b99ff0de76b22d504a0f",
                "sha256:ee20308ce8bae7a89b067425b63b141a0077632ab318d5288da649c830882b3d"
            ],
            "index": "pypi",
            "version": "==3.0.3"
        },
        "rope": {
            "hashes": [
                "sha256:6b728fdc3e98a83446c27a91fc5d56808a004f8beab7a31ab1d7224cecc7d969",
                "sha256:c5c5a6a87f7b1a2095fb311135e2a3d1f194f5ecb96900fdd0a9100881f48aaf",
                "sha256:f0dcf719b63200d492b85535ebe5ea9b29e0d0b8aebeb87fe03fc1a65924fdaf"
            ],
            "index": "pypi",
            "version": "==0.14.0"
        },
        "six": {
            "hashes": [
                "sha256:3350809f0555b11f552448330d0b52d5f24c91a322ea4a15ef22629740f3761c",
                "sha256:d16a0141ec1a18405cd4ce8b4613101da75da0e9a7aec5bdd4fa804d0e0eba73"
            ],
            "version": "==1.12.0"
        },
        "snowballstemmer": {
            "hashes": [
                "sha256:9f3b9ffe0809d174f7047e121431acf99c89a7040f0ca84f94ba53a498e6d0c9"
            ],
            "version": "==1.9.0"
        },
        "traitlets": {
            "hashes": [
                "sha256:9c4bd2d267b7153df9152698efb1050a5d84982d3384a37b2c1f7723ba3e7835",
                "sha256:c6cb5e6f57c5a9bdaa40fa71ce7b4af30298fbab9ece9815b5d995ab6217c7d9"
            ],
            "version": "==4.3.2"
        },
        "typed-ast": {
            "hashes": [
                "sha256:18511a0b3e7922276346bcb47e2ef9f38fb90fd31cb9223eed42c85d1312344e",
                "sha256:262c247a82d005e43b5b7f69aff746370538e176131c32dda9cb0f324d27141e",
                "sha256:2b907eb046d049bcd9892e3076c7a6456c93a25bebfe554e931620c90e6a25b0",
                "sha256:354c16e5babd09f5cb0ee000d54cfa38401d8b8891eefa878ac772f827181a3c",
                "sha256:4e0b70c6fc4d010f8107726af5fd37921b666f5b31d9331f0bd24ad9a088e631",
                "sha256:630968c5cdee51a11c05a30453f8cd65e0cc1d2ad0d9192819df9978984529f4",
                "sha256:66480f95b8167c9c5c5c87f32cf437d585937970f3fc24386f313a4c97b44e34",
                "sha256:71211d26ffd12d63a83e079ff258ac9d56a1376a25bc80b1cdcdf601b855b90b",
                "sha256:95bd11af7eafc16e829af2d3df510cecfd4387f6453355188342c3e79a2ec87a",
                "sha256:bc6c7d3fa1325a0c6613512a093bc2a2a15aeec350451cbdf9e1d4bffe3e3233",
                "sha256:cc34a6f5b426748a507dd5d1de4c1978f2eb5626d51326e43280941206c209e1",
                "sha256:d755f03c1e4a51e9b24d899561fec4ccaf51f210d52abdf8c07ee2849b212a36",
                "sha256:d7c45933b1bdfaf9f36c579671fec15d25b06c8398f113dab64c18ed1adda01d",
                "sha256:d896919306dd0aa22d0132f62a1b78d11aaf4c9fc5b3410d3c666b818191630a",
                "sha256:ffde2fbfad571af120fcbfbbc61c72469e72f550d676c3342492a9dfdefb8f12"
            ],
            "markers": "implementation_name == 'cpython'",
            "version": "==1.4.0"
        },
        "wcwidth": {
            "hashes": [
                "sha256:3df37372226d6e63e1b1e1eda15c594bca98a22d33a23832a90998faa96bc65e",
                "sha256:f4ebe71925af7b40a864553f761ed559b43544f8f71746c2d756c7fe788ade7c"
            ],
            "version": "==0.1.7"
        },
        "wrapt": {
            "hashes": [
                "sha256:565a021fd19419476b9362b05eeaa094178de64f8361e44468f9e9d7843901e1"
            ],
            "version": "==1.11.2"
        }
    }
}
