{
    "_meta": {
        "hash": {
            "sha256": "2c967c5ddea1ad3dccfbe30d92c4534e3f4b46727bbfe9348036c199b1911166"
        },
        "pipfile-spec": 6,
        "requires": {
            "python_version": "3.7"
        },
        "sources": [
            {
                "name": "pypi",
                "url": "https://pypi.org/simple",
                "verify_ssl": true
            }
        ]
    },
    "default": {
        "aggdraw": {
            "hashes": [
                "sha256:0deb75ef8b6b1cda0b96ab446f83ac9532f9400e92c90040fd2e1a6a7410d3f7",
                "sha256:0e5c5a397448f2228390336b67126de7a1b82f7421c29cd64e52d9651dac75cd",
                "sha256:1550d6e72aa3e192db3ef4417701cec2f80c8d447e413b5107afebbaa08bf83f",
                "sha256:1d6f9e08caaa3f47880fe621415637ca6cc2338caaa26f15a5e52da4b6e4dec7",
                "sha256:1d80ac6049ecd34b948947a3f5bbd98c93cdccb7870da254520cfc0bf6354584",
                "sha256:1efbeba4b87a1bf74165ac37dbd03065e14627e07ede1c4fc4e2a3f9ac681286",
                "sha256:240ede28836fb950f3fe014466d025d2992334ce88a91c4a9428f031bd4fb72b",
                "sha256:2d756cf763a20ad09759ba04f430736e15ea17d0c0129b7263e4f4d4466f1a78",
                "sha256:3410be9df76298fe054c92647b6b2282a54215ebd923b6aa9743730d285e6f1e",
                "sha256:5a775501058c3bafc8689ac7e9e99eaca74321d59d1f59ee001f0fce1d933da9",
                "sha256:605e95b6416297a6726d4b5e1ac306a874b47089c83d18a475339cac202064a3",
                "sha256:6d1034742ba69ce957d714f959ebfde4e223c3f36883bd778ae44fc092cf2abd",
                "sha256:6efd1851fc37b7e27bce86e29945251b085062a5cab0d2f344d2e042bc33c2e6",
                "sha256:82223157cbaa4d5269c81a6e8051e5574405664389918c12557eb9a194b8b9e9",
                "sha256:9fa6ce2be867c361db8d29e4118067a9628b98d3713ce48523ee470b28585b5a",
                "sha256:a249e63790a8365fd417958d56146797a010641718d7f3a0ba2056a60e30acf3",
                "sha256:aadd87f2857c2967f32a52a4662bd513fc9ea0e13b87d396829cd7f9840bc84f",
                "sha256:aef4f1b6058ee0cdb75fb737cb76143721df9d9db5323cc6074b0f89d4f5a13a",
                "sha256:b24f35a04122a7a9e4b29efb0e262da1a697b732a7c9e96cf91cd3421d70f17b",
                "sha256:bddf650a7afd182b0aa5361e4c89388b4098b435604c52398783869cfb2d96c6",
                "sha256:ce12a479b0f67697e541c4b39ec6cc452324ee367da117a8c640f292b379c213",
                "sha256:ced5dc42f011958e2febb88de31b4b1670eb7fc32f47ceb2656d5e53e8aa683e",
                "sha256:d9803aea0c06dc74ffb3b3eb19d613efe719e7c89940bcdb617ede202b390e8e",
                "sha256:de9bf710adc51c2beea569e7a0f6f402dd231531060b424660ce3ab47c9a54c6",
                "sha256:e18f26d0d095aa75b9d5c18c7cdf7fd5351424c8f0ae8d4d26e373b76c204c51",
                "sha256:e3a370503749c113d5c22f4bec0cb4df0ac7c334541e2d2afd42763baf4ec945",
                "sha256:f0d9032979bab586b61d89ef3d57e30fa4c016a020404c4005a3fecb26ec149c",
                "sha256:f8fb711422ddd48fd24f6f7e53acfa443d2ec9d81a1c4808386477d508aee9ee"
            ],
            "index": "pypi",
            "version": "==1.3.11"
        },
        "bezier": {
            "hashes": [
                "sha256:122750fa004fb00d6dae9602c36864ec32a8f315bf56988d774a1533650131a8",
                "sha256:19afada34e81fa2cde5ac8992743b53157c36413f97b5ceee75073be11de0eb1",
                "sha256:32a264a097b4a77a52eb2a041ec330b2464dbc4ec9805afbf9cf697da324f9a0",
                "sha256:3dd9e04b2a43c2e6d4740e12fdb9e2208263cf84df78ab246567a78a29b076c6",
                "sha256:4f50d58cb2f1af671de0a9004abf79dc8ccb710acc26bfe26b0132eec5c62ca3",
                "sha256:5936ab42b558e119d07c2bae2e55acc190820427e9476294b4c6315960cc74b5",
                "sha256:658fc4d9049500f57a0651956d34b80b92a1a533b2a959836fab752fdb46f38d",
                "sha256:65d797c0fd7cf216aef94fb50e24c6e60507dc7eb794f2e539a3a4f94448a4c2",
                "sha256:846a628d2ac05677e27bc2bb9277fb3e000c25389632a6770b5402ca5379ba9d",
                "sha256:94f60ed278488dea0fb815a407f563c8d545d8b5a9c86d2cd324ec78e1bf6e90",
                "sha256:ad583b400d53c858071a6bba7c0a67a55a5819c3dffb2bf93eaed365c351b2a3"
            ],
            "index": "pypi",
            "version": "==0.10.0"
        },
        "cached-property": {
            "hashes": [
                "sha256:3a026f1a54135677e7da5ce819b0c690f156f37976f3e30c5430740725203d7f",
                "sha256:9217a59f14a5682da7c4b8829deadbfc194ac22e9908ccf7c8820234e80a1504"
            ],
            "index": "pypi",
            "version": "==1.5.1"
        },
        "dataslots": {
            "hashes": [
                "sha256:e2fb733f9a65a48b1d6edd17dbb9a77ee959362dfaeb7d09a14cf02378a40021"
            ],
            "index": "pypi",
            "version": "==1.0.1"
        },
        "fibonacci-heap-mod": {
            "hashes": [
                "sha256:8889df116329d564cc347c7461b34c7dae0d65da3a9d23b52951d1b0a553c368"
            ],
            "index": "pypi",
            "version": "==1.1"
        },
        "numpy": {
            "hashes": [
                "sha256:0b0dd8f47fb177d00fa6ef2d58783c4f41ad3126b139c91dd2f7c4b3fdf5e9a5",
                "sha256:25ffe71f96878e1da7e014467e19e7db90ae7d4e12affbc73101bcf61785214e",
                "sha256:26efd7f7d755e6ca966a5c0ac5a930a87dbbaab1c51716ac26a38f42ecc9bc4b",
                "sha256:28b1180c758abf34a5c3fea76fcee66a87def1656724c42bb14a6f9717a5bdf7",
                "sha256:2e418f0a59473dac424f888dd57e85f77502a593b207809211c76e5396ae4f5c",
                "sha256:30c84e3a62cfcb9e3066f25226e131451312a044f1fe2040e69ce792cb7de418",
                "sha256:4650d94bb9c947151737ee022b934b7d9a845a7c76e476f3e460f09a0c8c6f39",
                "sha256:4dd830a11e8724c9c9379feed1d1be43113f8bcce55f47ea7186d3946769ce26",
                "sha256:4f2a2b279efde194877aff1f76cf61c68e840db242a5c7169f1ff0fd59a2b1e2",
                "sha256:62d22566b3e3428dfc9ec972014c38ed9a4db4f8969c78f5414012ccd80a149e",
                "sha256:669795516d62f38845c7033679c648903200980d68935baaa17ac5c7ae03ae0c",
                "sha256:75fcd60d682db3e1f8fbe2b8b0c6761937ad56d01c1dc73edf4ef2748d5b6bc4",
                "sha256:9395b0a41e8b7e9a284e3be7060db9d14ad80273841c952c83a5afc241d2bd98",
                "sha256:9e37c35fc4e9410093b04a77d11a34c64bf658565e30df7cbe882056088a91c1",
                "sha256:a0678793096205a4d784bd99f32803ba8100f639cf3b932dc63b21621390ea7e",
                "sha256:b46554ad4dafb2927f88de5a1d207398c5385edbb5c84d30b3ef187c4a3894d8",
                "sha256:c867eeccd934920a800f65c6068acdd6b87e80d45cd8c8beefff783b23cdc462",
                "sha256:dd0667f5be56fb1b570154c2c0516a528e02d50da121bbbb2cbb0b6f87f59bc2",
                "sha256:de2b1c20494bdf47f0160bd88ed05f5e48ae5dc336b8de7cfade71abcc95c0b9",
                "sha256:f1df7b2b7740dd777571c732f98adb5aad5450aee32772f1b39249c8a50386f6",
                "sha256:ffca69e29079f7880c5392bf675eb8b4146479d976ae1924d01cd92b04cccbcc"
            ],
            "markers": "implementation_name == 'cpython'",
            "version": "==1.17.3"
        },
        "panda3d": {
            "hashes": [
                "sha256:0ccebbce44947a7263c96a1f934479a21c8794e5cdf5a4317920e4d0b206000b",
                "sha256:0ffbaa21e5bd23e5eb4e0dc9f4787f99657a7f672077d1be07939fd48f722bed",
                "sha256:10d6ec62ee24e318924df9b5522e9b2b7aec27d10c5b79715d8c875284ae7fbe",
                "sha256:1ae70dcf21638f163a7e97955a6d9a8eaccd7da4117593f536c14aec0b6fd858",
                "sha256:2274ac1f4f7bf3838779d940cba10bcfe55ae0a621cb144f24f8390e265bfd81",
                "sha256:2ac9fc0450598620a3ec164c01a73cf9484ae5381465aa959342757be01de0db",
                "sha256:30fcbbf87d945faec0b9bc2cc589bfcc063ad86e09c3857cdda1d0ca9b2514ca",
                "sha256:34a6f0d6b2d60b9c096e028892fd9961ec875be6a7caed36d88c3025bce3c6ba",
                "sha256:384024d69e24513daeda070ef33a7e243d7d2373bae7170287e660c5bebf2cb1",
                "sha256:52f961974225957a319087e0d80f7e8c3deab9841aa79c008306f85d3afe57a6",
                "sha256:638c1f2aeb6e9c3d4e035d670d12aafa04f2c50c34a65569a84e72589de39aa6",
                "sha256:75fa6f6a89b3d95282a6ac98aea058a393fb2560c2b5f5daa4b7eb5476b3d1bd",
                "sha256:77ec5c26d2552c2dbc80d5a4a6189cbdf004dd322e30f041f36da67379d70c9b",
                "sha256:7ca27639f90595db67e6d1370db2305d0d50b20f2cfd49a03c5b3a82337e7169",
                "sha256:836290cc21787786d7ccfa310e1ebf46d61bc4251532c9a99406dc81d8a474ad",
                "sha256:8a5bb319165bdd621c16ae0bceeace5427e6ea7fcd1eb959ca78ca1e4efbf23f",
                "sha256:8d16f225b919c8ae3b28aadc0918c86e104c43252b25067e0c622a08adb1f135",
                "sha256:9237da54be76654fdd3fad30e4f0216af9ab253a094a9aed99fd79bbe7ffe79f",
                "sha256:93861a577866adc1a6c9d22cef819d7ba26a164479a1ff6a4cd026afbaa3370f",
                "sha256:9ab47a3a6a5f4606076e537a89cf3f8a68218b3f0c3f98077e6f2acf6dec9843",
                "sha256:9eeb4c751a12e1b769fe53f494eb239912a096ce1f6330e1f47f69a8fd56e737",
                "sha256:9f9ce6060a96f2d6f42efcadd9fd6335a4079b74d763ee2b1ede4fcfaeba495e",
                "sha256:ac986ef212afd6ac6597d9c39e18014bc55a98e3c4fabdc54becb2b83fabcae4",
                "sha256:b025e26e2e6419f81cd937bce6bf3407d277a49780e24fad301a08760009b32c",
                "sha256:ce160a26f344b0a0cbda15b73462375bc949c6e9282b78cc90df75c84101a5a5",
                "sha256:d1c40bbfec0d48710b710882a5f54f8dadcc78200279182b9f53387425b55811",
                "sha256:d7b81f83526e7e186bfa4f04b18ae9c0b0c8d957a0021f06391277eb22501c45",
                "sha256:da9769ea4479756d484072e81c7f85bac709b82d6ebbf03ea9aa82652cc3dce7",
                "sha256:e3fc2ce06bc1d3b69351db1a26e647f8d90e8ea67b02c1ec1d5b2037c9f596db",
                "sha256:e64cd8a2a50def7ff2bcb26e815908d1139c37bf92dfaa6b37d7e55364711e96",
                "sha256:e6bc2d224ad22f0f3537b4873b1172fea465bf07761a6d886603918835e176c0",
                "sha256:e6c0e3d42edb8f8eba970b1a9cc222d9d0c64369fd770d51d8b3a68fa7aecc28",
                "sha256:e76ae5c9708b5b05fb269cf2c4483e128278fcd98caa613d3c916e84a7461218",
                "sha256:e85fd8e15c0ce332eeb658a6148d46c5469a301405af80e8d9a3e25605f6876d"
            ],
            "index": "pypi",
            "version": "==1.10.4.1"
        },
        "pillow": {
            "hashes": [
                "sha256:047d9473cf68af50ac85f8ee5d5f21a60f849bc17d348da7fc85711287a75031",
                "sha256:0f66dc6c8a3cc319561a633b6aa82c44107f12594643efa37210d8c924fc1c71",
                "sha256:12c9169c4e8fe0a7329e8658c7e488001f6b4c8e88740e76292c2b857af2e94c",
                "sha256:248cffc168896982f125f5c13e9317c059f74fffdb4152893339f3be62a01340",
                "sha256:27faf0552bf8c260a5cee21a76e031acaea68babb64daf7e8f2e2540745082aa",
                "sha256:285edafad9bc60d96978ed24d77cdc0b91dace88e5da8c548ba5937c425bca8b",
                "sha256:384b12c9aa8ef95558abdcb50aada56d74bc7cc131dd62d28c2d0e4d3aadd573",
                "sha256:38950b3a707f6cef09cd3cbb142474357ad1a985ceb44d921bdf7b4647b3e13e",
                "sha256:4aad1b88933fd6dc2846552b89ad0c74ddbba2f0884e2c162aa368374bf5abab",
                "sha256:4ac6148008c169603070c092e81f88738f1a0c511e07bd2bb0f9ef542d375da9",
                "sha256:4deb1d2a45861ae6f0b12ea0a786a03d19d29edcc7e05775b85ec2877cb54c5e",
                "sha256:59aa2c124df72cc75ed72c8d6005c442d4685691a30c55321e00ed915ad1a291",
                "sha256:5a47d2123a9ec86660fe0e8d0ebf0aa6bc6a17edc63f338b73ea20ba11713f12",
                "sha256:5cc901c2ab9409b4b7ac7b5bcc3e86ac14548627062463da0af3b6b7c555a871",
                "sha256:6c1db03e8dff7b9f955a0fb9907eb9ca5da75b5ce056c0c93d33100a35050281",
                "sha256:7ce80c0a65a6ea90ef9c1f63c8593fcd2929448613fc8da0adf3e6bfad669d08",
                "sha256:809c19241c14433c5d6135e1b6c72da4e3b56d5c865ad5736ab99af8896b8f41",
                "sha256:83792cb4e0b5af480588601467c0764242b9a483caea71ef12d22a0d0d6bdce2",
                "sha256:846fa202bd7ee0f6215c897a1d33238ef071b50766339186687bd9b7a6d26ac5",
                "sha256:9f5529fc02009f96ba95bea48870173426879dc19eec49ca8e08cd63ecd82ddb",
                "sha256:a423c2ea001c6265ed28700df056f75e26215fd28c001e93ef4380b0f05f9547",
                "sha256:ac4428094b42907aba5879c7c000d01c8278d451a3b7cccd2103e21f6397ea75",
                "sha256:b1ae48d87f10d1384e5beecd169c77502fcc04a2c00a4c02b85f0a94b419e5f9",
                "sha256:bf4e972a88f8841d8fdc6db1a75e0f8d763e66e3754b03006cbc3854d89f1cb1",
                "sha256:c6414f6aad598364aaf81068cabb077894eb88fed99c6a65e6e8217bab62ae7a",
                "sha256:c710fcb7ee32f67baf25aa9ffede4795fd5d93b163ce95fdc724383e38c9df96",
                "sha256:c7be4b8a09852291c3c48d3c25d1b876d2494a0a674980089ac9d5e0d78bd132",
                "sha256:c9e5ffb910b14f090ac9c38599063e354887a5f6d7e6d26795e916b4514f2c1a",
                "sha256:e0697b826da6c2472bb6488db4c0a7fa8af0d52fa08833ceb3681358914b14e5",
                "sha256:e9a3edd5f714229d41057d56ac0f39ad9bdba6767e8c888c951869f0bdd129b0"
            ],
            "index": "pypi",
            "version": "==6.2.1"
        },
        "rtree": {
            "hashes": [
                "sha256:6cb9cf3000963ea6a3db777a597baee2bc55c4fc891e4f1967f262cc96148649",
                "sha256:8526431aa15d8cea1c07b451ce853b62b1da4cf6b74c07810aba5b81d12efe66",
                "sha256:a9e67386073f93f22449f396d5993dfe479335169c376f3f7fb04a396391f0dc"
            ],
            "index": "pypi",
            "version": "==0.8.3"
        },
        "six": {
            "hashes": [
                "sha256:3350809f0555b11f552448330d0b52d5f24c91a322ea4a15ef22629740f3761c",
                "sha256:d16a0141ec1a18405cd4ce8b4613101da75da0e9a7aec5bdd4fa804d0e0eba73"
            ],
            "version": "==1.12.0"
        }
    },
    "develop": {
        "astroid": {
            "hashes": [
                "sha256:09a3fba616519311f1af8a461f804b68f0370e100c9264a035aa7846d7852e33",
                "sha256:5a79c9b4bd6c4be777424593f957c996e20beb5f74e0bc332f47713c6f675efe"
            ],
            "version": "==2.3.2"
        },
        "backcall": {
            "hashes": [
                "sha256:38ecd85be2c1e78f77fd91700c76e14667dc21e2713b63876c0eb901196e01e4",
                "sha256:bbbf4b1e5cd2bdb08f915895b51081c041bac22394fdfcfdfbe9f14b77c08bf2"
            ],
            "version": "==0.1.0"
        },
        "colorama": {
            "hashes": [
                "sha256:05eed71e2e327246ad6b38c540c4a3117230b19679b875190486ddd2d721422d",
                "sha256:f8ac84de7840f5b9c4e3347b3c1eaa50f7e49c2b07596221daec5edaabbd7c48"
            ],
            "version": "==0.4.1"
        },
        "decorator": {
            "hashes": [
                "sha256:54c38050039232e1db4ad7375cfce6748d7b41c29e95a081c8a6d2c30364a2ce",
                "sha256:5d19b92a3c8f7f101c8dd86afd86b0f061a8ce4540ab8cd401fa2542756bce6d"
            ],
            "version": "==4.4.1"
        },
        "entrypoints": {
            "hashes": [
                "sha256:589f874b313739ad35be6e0cd7efde2a4e9b6fea91edcc34e58ecbb8dbe56d19",
                "sha256:c70dd71abe5a8c85e55e12c19bd91ccfeec11a6e99044204511f9ed547d48451"
            ],
            "version": "==0.3"
        },
        "flake8": {
            "hashes": [
                "sha256:45681a117ecc81e870cbf1262835ae4af5e7a8b08e40b944a8a6e6b895914cfb",
                "sha256:49356e766643ad15072a789a20915d3c91dc89fd313ccd71802303fd67e4deca"
            ],
            "index": "pypi",
            "version": "==3.7.9"
        },
        "flake8-polyfill": {
            "hashes": [
                "sha256:12be6a34ee3ab795b19ca73505e7b55826d5f6ad7230d31b18e106400169b9e9",
                "sha256:e44b087597f6da52ec6393a709e7108b2905317d0c0b744cdca6208e670d8eda"
            ],
            "version": "==1.0.2"
        },
        "future": {
            "hashes": [
                "sha256:858e38522e8fd0d3ce8f0c1feaf0603358e366d5403209674c7b617fa0c24093"
            ],
            "version": "==0.18.1"
        },
        "ipython": {
            "hashes": [
                "sha256:dfd303b270b7b5232b3d08bd30ec6fd685d8a58cabd54055e3d69d8f029f7280",
                "sha256:ed7ebe1cba899c1c3ccad6f7f1c2d2369464cc77dba8eebc65e2043e19cda995"
            ],
            "index": "pypi",
            "version": "==7.9.0"
        },
        "ipython-genutils": {
            "hashes": [
                "sha256:72dd37233799e619666c9f639a9da83c34013a73e8bbc79a7a6348d93c61fab8",
                "sha256:eb2e116e75ecef9d4d228fdc66af54269afa26ab4463042e33785b887c628ba8"
            ],
            "version": "==0.2.0"
        },
        "isort": {
            "hashes": [
                "sha256:54da7e92468955c4fceacd0c86bd0ec997b0e1ee80d97f67c35a78b719dccab1",
                "sha256:6e811fcb295968434526407adb8796944f1988c5b65e8139058f2014cbe100fd"
            ],
            "version": "==4.3.21"
        },
        "jedi": {
            "hashes": [
                "sha256:786b6c3d80e2f06fd77162a07fed81b8baa22dde5d62896a790a331d6ac21a27",
                "sha256:ba859c74fa3c966a22f2aeebe1b74ee27e2a462f56d3f5f7ca4a59af61bfe42e"
            ],
            "version": "==0.15.1"
        },
        "lazy-object-proxy": {
            "hashes": [
                "sha256:0c4b206227a8097f05c4dbdd323c50edf81f15db3b8dc064d08c62d37e1a504d",
                "sha256:194d092e6f246b906e8f70884e620e459fc54db3259e60cf69a4d66c3fda3449",
                "sha256:1be7e4c9f96948003609aa6c974ae59830a6baecc5376c25c92d7d697e684c08",
                "sha256:4677f594e474c91da97f489fea5b7daa17b5517190899cf213697e48d3902f5a",
                "sha256:48dab84ebd4831077b150572aec802f303117c8cc5c871e182447281ebf3ac50",
                "sha256:5541cada25cd173702dbd99f8e22434105456314462326f06dba3e180f203dfd",
                "sha256:59f79fef100b09564bc2df42ea2d8d21a64fdcda64979c0fa3db7bdaabaf6239",
                "sha256:8d859b89baf8ef7f8bc6b00aa20316483d67f0b1cbf422f5b4dc56701c8f2ffb",
                "sha256:9254f4358b9b541e3441b007a0ea0764b9d056afdeafc1a5569eee1cc6c1b9ea",
                "sha256:9651375199045a358eb6741df3e02a651e0330be090b3bc79f6d0de31a80ec3e",
                "sha256:97bb5884f6f1cdce0099f86b907aa41c970c3c672ac8b9c8352789e103cf3156",
                "sha256:9b15f3f4c0f35727d3a0fba4b770b3c4ebbb1fa907dbcc046a1d2799f3edd142",
                "sha256:a2238e9d1bb71a56cd710611a1614d1194dc10a175c1e08d75e1a7bcc250d442",
                "sha256:a6ae12d08c0bf9909ce12385803a543bfe99b95fe01e752536a60af2b7797c62",
                "sha256:ca0a928a3ddbc5725be2dd1cf895ec0a254798915fb3a36af0964a0a4149e3db",
                "sha256:cb2c7c57005a6804ab66f106ceb8482da55f5314b7fcb06551db1edae4ad1531",
                "sha256:d74bb8693bf9cf75ac3b47a54d716bbb1a92648d5f781fc799347cfc95952383",
                "sha256:d945239a5639b3ff35b70a88c5f2f491913eb94871780ebfabb2568bd58afc5a",
                "sha256:eba7011090323c1dadf18b3b689845fd96a61ba0a1dfbd7f24b921398affc357",
                "sha256:efa1909120ce98bbb3777e8b6f92237f5d5c8ea6758efea36a473e1d38f7d3e4",
                "sha256:f3900e8a5de27447acbf900b4750b0ddfd7ec1ea7fbaf11dfa911141bc522af0"
            ],
            "version": "==1.4.3"
        },
        "mando": {
            "hashes": [
                "sha256:4ce09faec7e5192ffc3c57830e26acba0fd6cd11e1ee81af0d4df0657463bd1c",
                "sha256:79feb19dc0f097daa64a1243db578e7674909b75f88ac2220f1c065c10a0d960"
            ],
            "version": "==0.6.4"
        },
        "mccabe": {
            "hashes": [
                "sha256:ab8a6258860da4b6677da4bd2fe5dc2c659cff31b3ee4f7f5d64e79735b80d42",
                "sha256:dd8d182285a0fe56bace7f45b5e7d1a6ebcbf524e8f3bd87eb0f125271b8831f"
            ],
            "version": "==0.6.1"
        },
        "parso": {
            "hashes": [
                "sha256:63854233e1fadb5da97f2744b6b24346d2750b85965e7e399bec1620232797dc",
                "sha256:666b0ee4a7a1220f65d367617f2cd3ffddff3e205f3f16a0284df30e774c2a9c"
            ],
            "version": "==0.5.1"
        },
        "pexpect": {
            "hashes": [
                "sha256:2094eefdfcf37a1fdbfb9aa090862c1a4878e5c7e0e7e7088bdb511c558e5cd1",
                "sha256:9e2c1fd0e6ee3a49b28f95d4b33bc389c89b20af6a1255906e90ff1262ce62eb"
            ],
            "markers": "sys_platform != 'win32'",
            "version": "==4.7.0"
        },
        "pickleshare": {
            "hashes": [
                "sha256:87683d47965c1da65cdacaf31c8441d12b8044cdec9aca500cd78fc2c683afca",
                "sha256:9649af414d74d4df115d5d718f82acb59c9d418196b7b4290ed47a12ce62df56"
            ],
            "version": "==0.7.5"
        },
        "prompt-toolkit": {
            "hashes": [
                "sha256:46642344ce457641f28fc9d1c9ca939b63dadf8df128b86f1b9860e59c73a5e4",
                "sha256:e7f8af9e3d70f514373bf41aa51bc33af12a6db3f71461ea47fea985defb2c31",
                "sha256:f15af68f66e664eaa559d4ac8a928111eebd5feda0c11738b5998045224829db"
            ],
            "version": "==2.0.10"
        },
        "ptyprocess": {
            "hashes": [
                "sha256:923f299cc5ad920c68f2bc0bc98b75b9f838b93b599941a6b63ddbc2476394c0",
                "sha256:d7cc528d76e76342423ca640335bd3633420dc1366f258cb31d05e865ef5ca1f"
            ],
            "version": "==0.6.0"
        },
        "pycodestyle": {
            "hashes": [
                "sha256:95a2219d12372f05704562a14ec30bc76b05a5b297b21a5dfe3f6fac3491ae56",
                "sha256:e40a936c9a450ad81df37f549d676d127b1b66000a6c500caa2b085bc0ca976c"
            ],
            "version": "==2.5.0"
        },
        "pydocstyle": {
            "hashes": [
                "sha256:04c84e034ebb56eb6396c820442b8c4499ac5eb94a3bda88951ac3dc519b6058",
                "sha256:66aff87ffe34b1e49bff2dd03a88ce6843be2f3346b0c9814410d34987fbab59"
            ],
            "index": "pypi",
            "version": "==4.0.1"
        },
        "pyflakes": {
            "hashes": [
                "sha256:17dbeb2e3f4d772725c777fabc446d5634d1038f234e77343108ce445ea69ce0",
                "sha256:d976835886f8c5b31d47970ed689944a0262b5f3afa00a5a7b4dc81e5449f8a2"
            ],
            "version": "==2.1.1"
        },
        "pygments": {
            "hashes": [
                "sha256:71e430bc85c88a430f000ac1d9b331d2407f681d6f6aec95e8bcfbc3df5b0127",
                "sha256:881c4c157e45f30af185c1ffe8d549d48ac9127433f2c380c24b84572ad66297"
            ],
            "version": "==2.4.2"
        },
        "pylint": {
            "hashes": [
                "sha256:7b76045426c650d2b0f02fc47c14d7934d17898779da95288a74c2a7ec440702",
                "sha256:856476331f3e26598017290fd65bebe81c960e806776f324093a46b76fb2d1c0"
            ],
            "index": "pypi",
            "version": "==2.4.3"
        },
        "radon": {
            "hashes": [
                "sha256:20f799949e42e6899bc9304539de222d3bdaeec276f38fbd4034859ccd548b46",
                "sha256:32ac2f86bfacbddade5c79f0e927e97f90a5cda5b86f880511dd849c4a0096e3"
            ],
            "index": "pypi",
            "version": "==4.0.0"
        },
        "rope": {
            "hashes": [
                "sha256:6b728fdc3e98a83446c27a91fc5d56808a004f8beab7a31ab1d7224cecc7d969",
                "sha256:c5c5a6a87f7b1a2095fb311135e2a3d1f194f5ecb96900fdd0a9100881f48aaf",
                "sha256:f0dcf719b63200d492b85535ebe5ea9b29e0d0b8aebeb87fe03fc1a65924fdaf"
            ],
            "index": "pypi",
            "version": "==0.14.0"
        },
        "six": {
            "hashes": [
                "sha256:3350809f0555b11f552448330d0b52d5f24c91a322ea4a15ef22629740f3761c",
                "sha256:d16a0141ec1a18405cd4ce8b4613101da75da0e9a7aec5bdd4fa804d0e0eba73"
            ],
            "version": "==1.12.0"
        },
        "snowballstemmer": {
            "hashes": [
                "sha256:209f257d7533fdb3cb73bdbd24f436239ca3b2fa67d56f6ff88e86be08cc5ef0",
                "sha256:df3bac3df4c2c01363f3dd2cfa78cce2840a79b9f1c2d2de9ce8d31683992f52"
            ],
            "version": "==2.0.0"
        },
        "traitlets": {
            "hashes": [
                "sha256:70b4c6a1d9019d7b4f6846832288f86998aa3b9207c6821f3578a6a6a467fe44",
                "sha256:d023ee369ddd2763310e4c3eae1ff649689440d4ae59d7485eb4cfbbe3e359f7"
            ],
            "version": "==4.3.3"
        },
        "typed-ast": {
            "hashes": [
                "sha256:1170afa46a3799e18b4c977777ce137bb53c7485379d9706af8a59f2ea1aa161",
                "sha256:18511a0b3e7922276346bcb47e2ef9f38fb90fd31cb9223eed42c85d1312344e",
                "sha256:262c247a82d005e43b5b7f69aff746370538e176131c32dda9cb0f324d27141e",
                "sha256:2b907eb046d049bcd9892e3076c7a6456c93a25bebfe554e931620c90e6a25b0",
                "sha256:354c16e5babd09f5cb0ee000d54cfa38401d8b8891eefa878ac772f827181a3c",
                "sha256:48e5b1e71f25cfdef98b013263a88d7145879fbb2d5185f2a0c79fa7ebbeae47",
                "sha256:4e0b70c6fc4d010f8107726af5fd37921b666f5b31d9331f0bd24ad9a088e631",
                "sha256:630968c5cdee51a11c05a30453f8cd65e0cc1d2ad0d9192819df9978984529f4",
                "sha256:66480f95b8167c9c5c5c87f32cf437d585937970f3fc24386f313a4c97b44e34",
                "sha256:71211d26ffd12d63a83e079ff258ac9d56a1376a25bc80b1cdcdf601b855b90b",
                "sha256:7954560051331d003b4e2b3eb822d9dd2e376fa4f6d98fee32f452f52dd6ebb2",
                "sha256:838997f4310012cf2e1ad3803bce2f3402e9ffb71ded61b5ee22617b3a7f6b6e",
                "sha256:95bd11af7eafc16e829af2d3df510cecfd4387f6453355188342c3e79a2ec87a",
                "sha256:bc6c7d3fa1325a0c6613512a093bc2a2a15aeec350451cbdf9e1d4bffe3e3233",
                "sha256:cc34a6f5b426748a507dd5d1de4c1978f2eb5626d51326e43280941206c209e1",
                "sha256:d755f03c1e4a51e9b24d899561fec4ccaf51f210d52abdf8c07ee2849b212a36",
                "sha256:d7c45933b1bdfaf9f36c579671fec15d25b06c8398f113dab64c18ed1adda01d",
                "sha256:d896919306dd0aa22d0132f62a1b78d11aaf4c9fc5b3410d3c666b818191630a",
                "sha256:fdc1c9bbf79510b76408840e009ed65958feba92a88833cdceecff93ae8fff66",
                "sha256:ffde2fbfad571af120fcbfbbc61c72469e72f550d676c3342492a9dfdefb8f12"
            ],
            "markers": "implementation_name == 'cpython' and python_version < '3.8'",
            "version": "==1.4.0"
        },
        "wcwidth": {
            "hashes": [
                "sha256:3df37372226d6e63e1b1e1eda15c594bca98a22d33a23832a90998faa96bc65e",
                "sha256:f4ebe71925af7b40a864553f761ed559b43544f8f71746c2d756c7fe788ade7c"
            ],
            "version": "==0.1.7"
        },
        "wrapt": {
            "hashes": [
                "sha256:565a021fd19419476b9362b05eeaa094178de64f8361e44468f9e9d7843901e1"
            ],
            "version": "==1.11.2"
        }
    }
}
